{
  "lockfileVersion": 1,
  "configVersion": 1,
  "workspaces": {
    "": {
      "name": "gmaps-scrapper",
      "dependencies": {
        "commander": "^12.1.0",
        "fast-csv": "^5.0.1",
        "playwright": "^1.44.0",
      },
      "devDependencies": {
        "@types/bun": "latest",
      },
    },
  },
  "trustedDependencies": [
    "playwright",
  ],
  "packages": {
    "@fast-csv/format": ["@fast-csv/format@5.0.5", "", { "dependencies": { "lodash.escaperegexp": "^4.1.2", "lodash.isboolean": "^3.0.3", "lodash.isfunction": "^3.0.9", "lodash.isnil": "^4.0.0" } }, "sha512-0P9SJXXnqKdmuWlLaTelqbrfdgN37Mvrb369J6eNmqL41IEIZQmV4sNM4GgAK2Dz3aH04J0HKGDMJFkYObThTw=="],

    "@fast-csv/parse": ["@fast-csv/parse@5.0.5", "", { "dependencies": { "lodash.escaperegexp": "^4.1.2", "lodash.groupby": "^4.6.0", "lodash.isfunction": "^3.0.9", "lodash.isnil": "^4.0.0", "lodash.isundefined": "^3.0.1", "lodash.uniq": "^4.5.0" } }, "sha512-M0IbaXZDbxfOnpVE5Kps/a6FGlILLhtLsvWd9qNH3d2TxNnpbNkFf3KD26OmJX6MHq7PdQAl5htStDwnuwHx6w=="],

    "@types/bun": ["@types/bun@1.3.9", "", { "dependencies": { "bun-types": "1.3.9" } }, "sha512-KQ571yULOdWJiMH+RIWIOZ7B2RXQGpL1YQrBtLIV3FqDcCu6FsbFUBwhdKUlCKUpS3PJDsHlJ1QKlpxoVR+xtw=="],

    "@types/node": ["@types/node@25.3.3", "", { "dependencies": { "undici-types": "~7.18.0" } }, "sha512-DpzbrH7wIcBaJibpKo9nnSQL0MTRdnWttGyE5haGwK86xgMOkFLp7vEyfQPGLOJh5wNYiJ3V9PmUMDhV9u8kkQ=="],

    "bun-types": ["bun-types@1.3.9", "", { "dependencies": { "@types/node": "*" } }, "sha512-+UBWWOakIP4Tswh0Bt0QD0alpTY8cb5hvgiYeWCMet9YukHbzuruIEeXC2D7nMJPB12kbh8C7XJykSexEqGKJg=="],

    "commander": ["commander@12.1.0", "", {}, "sha512-Vw8qHK3bZM9y/P10u3Vib8o/DdkvA2OtPtZvD871QKjy74Wj1WSKFILMPRPSdUSx5RFK1arlJzEtA4PkFgnbuA=="],

    "fast-csv": ["fast-csv@5.0.5", "", { "dependencies": { "@fast-csv/format": "5.0.5", "@fast-csv/parse": "5.0.5" } }, "sha512-9//QpogDIPln5Dc8e3Q3vbSSLXlTeU7z1JqsUOXZYOln8EIn/OOO8+NS2c3ukR6oYngDd3+P1HXSkby3kNV9KA=="],

    "fsevents": ["fsevents@2.3.2", "", { "os": "darwin" }, "sha512-xiqMQR4xAeHTuB9uWm+fFRcIOgKBMiOBP+eXiyT7jsgVCq1bkVygt00oASowB7EdtpOHaaPgKt812P9ab+DDKA=="],

    "lodash.escaperegexp": ["lodash.escaperegexp@4.1.2", "", {}, "sha512-TM9YBvyC84ZxE3rgfefxUWiQKLilstD6k7PTGt6wfbtXF8ixIJLOL3VYyV/z+ZiPLsVxAsKAFVwWlWeb2Y8Yyw=="],

    "lodash.groupby": ["lodash.groupby@4.6.0", "", {}, "sha512-5dcWxm23+VAoz+awKmBaiBvzox8+RqMgFhi7UvX9DHZr2HdxHXM/Wrf8cfKpsW37RNrvtPn6hSwNqurSILbmJw=="],

    "lodash.isboolean": ["lodash.isboolean@3.0.3", "", {}, "sha512-Bz5mupy2SVbPHURB98VAcw+aHh4vRV5IPNhILUCsOzRmsTmSQ17jIuqopAentWoehktxGd9e/hbIXq980/1QJg=="],

    "lodash.isfunction": ["lodash.isfunction@3.0.9", "", {}, "sha512-AirXNj15uRIMMPihnkInB4i3NHeb4iBtNg9WRWuK2o31S+ePwwNmDPaTL3o7dTJ+VXNZim7rFs4rxN4YU1oUJw=="],

    "lodash.isnil": ["lodash.isnil@4.0.0", "", {}, "sha512-up2Mzq3545mwVnMhTDMdfoG1OurpA/s5t88JmQX809eH3C8491iu2sfKhTfhQtKY78oPNhiaHJUpT/dUDAAtng=="],

    "lodash.isundefined": ["lodash.isundefined@3.0.1", "", {}, "sha512-MXB1is3s899/cD8jheYYE2V9qTHwKvt+npCwpD+1Sxm3Q3cECXCiYHjeHWXNwr6Q0SOBPrYUDxendrO6goVTEA=="],

    "lodash.uniq": ["lodash.uniq@4.5.0", "", {}, "sha512-xfBaXQd9ryd9dlSDvnvI0lvxfLJlYAZzXomUYzLKtUeOQvOP5piqAWuGtrhWeqaXK9hhoM/iyJc5AV+XfsX3HQ=="],

    "playwright": ["playwright@1.58.2", "", { "dependencies": { "playwright-core": "1.58.2" }, "optionalDependencies": { "fsevents": "2.3.2" }, "bin": { "playwright": "cli.js" } }, "sha512-vA30H8Nvkq/cPBnNw4Q8TWz1EJyqgpuinBcHET0YVJVFldr8JDNiU9LaWAE1KqSkRYazuaBhTpB5ZzShOezQ6A=="],

    "playwright-core": ["playwright-core@1.58.2", "", { "bin": { "playwright-core": "cli.js" } }, "sha512-yZkEtftgwS8CsfYo7nm0KE8jsvm6i/PTgVtB8DL726wNf6H2IMsDuxCpJj59KDaxCtSnrWan2AeDqM7JBaultg=="],

    "undici-types": ["undici-types@7.18.2", "", {}, "sha512-AsuCzffGHJybSaRrmr5eHr81mwJU3kjw6M+uprWvCXiNeN9SOGwQ3Jn8jb8m3Z6izVgknn1R0FTCEAP2QrLY/w=="],
  }
}
